
Microsoft Visual Studio Solution File, Format Version 12.00
# Visual Studio 14
VisualStudioVersion = 14.0.25420.1
MinimumVisualStudioVersion = 10.0.40219.1
Project("{8BC9CEB8-8B4A-11D0-8D11-00A0C91BC942}") = "OpenFinance", "OpenFinance\OpenFinance.vcxproj", "{5E9C94A8-C895-473F-904F-6289482BD228}"
EndProject
Project("{8BC9CEB8-8B4A-11D0-8D11-00A0C91BC942}") = "OpenFinance_Test", "OpenFinance_Test\OpenFinance_Test.vcxproj", "{45E5B27E-5AE7-4A0B-B5BD-DF10FC94BCB5}"
EndProject
Global
	GlobalSection(SolutionConfigurationPlatforms) = preSolution
		Debug|x64 = Debug|x64
		Debug|x86 = Debug|x86
		Release|x64 = Release|x64
		Release|x86 = Release|x86
	EndGlobalSection
	GlobalSection(ProjectConfigurationPlatforms) = postSolution
		{5E9C94A8-C895-473F-904F-6289482BD228}.Debug|x64.ActiveCfg = Debug|x64
		{5E9C94A8-C895-473F-904F-6289482BD228}.Debug|x64.Build.0 = Debug|x64
		{5E9C94A8-C895-473F-904F-6289482BD228}.Debug|x86.ActiveCfg = Debug|Win32
		{5E9C94A8-C895-473F-904F-6289482BD228}.Debug|x86.Build.0 = Debug|Win32
		{5E9C94A8-C895-473F-904F-6289482BD228}.Release|x64.ActiveCfg = Release|x64
		{5E9C94A8-C895-473F-904F-6289482BD228}.Release|x64.Build.0 = Release|x64
		{5E9C94A8-C895-473F-904F-6289482BD228}.Release|x86.ActiveCfg = Release|Win32
		{5E9C94A8-C895-473F-904F-6289482BD228}.Release|x86.Build.0 = Release|Win32
		{45E5B27E-5AE7-4A0B-B5BD-DF10FC94BCB5}.Debug|x64.ActiveCfg = Debug|x64
		{45E5B27E-5AE7-4A0B-B5BD-DF10FC94BCB5}.Debug|x64.Build.0 = Debug|x64
		{45E5B27E-5AE7-4A0B-B5BD-DF10FC94BCB5}.Debug|x86.ActiveCfg = Debug|Win32
		{45E5B27E-5AE7-4A0B-B5BD-DF10FC94BCB5}.Debug|x86.Build.0 = Debug|Win32
		{45E5B27E-5AE7-4A0B-B5BD-DF10FC94BCB5}.Release|x64.ActiveCfg = Release|x64
		{45E5B27E-5AE7-4A0B-B5BD-DF10FC94BCB5}.Release|x64.Build.0 = Release|x64
		{45E5B27E-5AE7-4A0B-B5BD-DF10FC94BCB5}.Release|x86.ActiveCfg = Release|Win32
		{45E5B27E-5AE7-4A0B-B5BD-DF10FC94BCB5}.Release|x86.Build.0 = Release|Win32
	EndGlobalSection
	GlobalSection(SolutionProperties) = preSolution
		HideSolutionNode = FALSE
	EndGlobalSection
EndGlobal
